
Microsoft Visual Studio Solution File, Format Version 12.00
# Visual Studio 15
Project("{FAE04EC0-301F-11D3-BF4B-00C04F79EFBC}") = "Assembly-CSharp", "Assembly-CSharp.csproj", "{58FD00F7-E094-1497-1238-70A575DF3606}"
EndProject
Global
	GlobalSection(SolutionConfigurationPlatforms) = preSolution
		Debug|Any CPU = Debug|Any CPU
		Release|Any CPU = Release|Any CPU
	EndGlobalSection
	GlobalSection(ProjectConfigurationPlatforms) = postSolution
		{58FD00F7-E094-1497-1238-70A575DF3606}.Debug|Any CPU.ActiveCfg = Debug|Any CPU
		{58FD00F7-E094-1497-1238-70A575DF3606}.Debug|Any CPU.Build.0 = Debug|Any CPU
		{58FD00F7-E094-1497-1238-70A575DF3606}.Release|Any CPU.ActiveCfg = Release|Any CPU
		{58FD00F7-E094-1497-1238-70A575DF3606}.Release|Any CPU.Build.0 = Release|Any CPU
	EndGlobalSection
	GlobalSection(SolutionProperties) = preSolution
		HideSolutionNode = FALSE
	EndGlobalSection
EndGlobal
